
Microsoft Visual Studio Solution File, Format Version 12.00
# Visual Studio 15
VisualStudioVersion = 15.0.28307.421
MinimumVisualStudioVersion = 10.0.40219.1
Project("{FAE04EC0-301F-11D3-BF4B-00C04F79EFBC}") = "KaiCoinMVC", "KaiCoinMVC\KaiCoinMVC.csproj", "{F3901575-CEB5-4286-ABB1-75163598F704}"
EndProject
Global
	GlobalSection(SolutionConfigurationPlatforms) = preSolution
		Debug|Any CPU = Debug|Any CPU
		Release|Any CPU = Release|Any CPU
	EndGlobalSection
	GlobalSection(ProjectConfigurationPlatforms) = postSolution
		{F3901575-CEB5-4286-ABB1-75163598F704}.Debug|Any CPU.ActiveCfg = Debug|Any CPU
		{F3901575-CEB5-4286-ABB1-75163598F704}.Debug|Any CPU.Build.0 = Debug|Any CPU
		{F3901575-CEB5-4286-ABB1-75163598F704}.Release|Any CPU.ActiveCfg = Release|Any CPU
		{F3901575-CEB5-4286-ABB1-75163598F704}.Release|Any CPU.Build.0 = Release|Any CPU
	EndGlobalSection
	GlobalSection(SolutionProperties) = preSolution
		HideSolutionNode = FALSE
	EndGlobalSection
	GlobalSection(ExtensibilityGlobals) = postSolution
		SolutionGuid = {5F896130-932B-46C8-AA65-99790C91FFCD}
	EndGlobalSection
EndGlobal
